{
    "_meta": {
        "hash": {
            "sha256": "a178b959b45a4d909c5f17be15cb3ebb4c07ecd36ebc0599ed75026dc9028ac8"
        },
        "pipfile-spec": 6,
        "requires": {
            "python_version": "3.9"
        },
        "sources": [
            {
                "name": "pypi",
                "url": "https://pypi.org/simple",
                "verify_ssl": true
            }
        ]
    },
    "default": {
        "asgiref": {
            "hashes": [
                "sha256:4ef1ab46b484e3c706329cedeff284a5d40824200638503f5768edb6de7d58e9",
                "sha256:ffc141aa908e6f175673e7b1b3b7af4fdb0ecb738fc5c8b88f69f055c2415214"
            ],
            "markers": "python_version >= '3.6'",
            "version": "==3.4.1"
        },
        "crispy-bootstrap5": {
            "hashes": [
                "sha256:04fad1dd060467278a62a3e5755b6b3dc15d4b1306db1de774a618e8dc5252a5",
                "sha256:6abe36a804d50d13bd20214e0c067c0b530c03074b64cf87c0cb5762b94c0779"
            ],
            "index": "pypi",
            "version": "==0.4"
        },
        "django": {
            "hashes": [
                "sha256:59304646ebc6a77b9b6a59adc67d51ecb03c5e3d63ed1f14c909cdfda84e8010",
                "sha256:d5a8a14da819a8b9237ee4d8c78dfe056ff6e8a7511987be627192225113ee75"
            ],
            "index": "pypi",
            "version": "==4.0"
        },
        "django-crispy-forms": {
            "hashes": [
                "sha256:2ea206f35a9554597b89315ea52737d32d2fd9f5304e79a469a08887aa0824b0",
                "sha256:5c600dea66e2f435f774fe2c4cacfb5b5eb9914dd6da0728edd174b95f6956fd"
            ],
            "index": "pypi",
            "version": "==1.11.1"
        },
        "python-http-client": {
            "hashes": [
                "sha256:723d0d6f03d4865cc8d08172aef15837a1eb9d8d8a719a08107e4680d0876e41",
                "sha256:742169c42033ee81e22958dcf9e2c6f2b196028d72f87563eecdb28324d82528"
            ],
            "markers": "python_version >= '2.7' and python_version not in '3.0, 3.1, 3.2, 3.3'",
            "version": "==3.3.4"
        },
        "sendgrid": {
            "hashes": [
                "sha256:9fba62068dd13922004b6a1676e21c6435709aaf7c2b978cdf1206e3d2196c60",
                "sha256:d1af52f8cbb900bf79e28aa08102a503f5e26489c7b9f1d9750758a4b27c84d1"
            ],
            "version": "==3.6.5"
        },
        "sendgrid-django": {
            "hashes": [
                "sha256:fef60ba37d588e5e1c4dcbb3b8b7f8c16920e3e89432de357f6abd6157c4f5f4"
            ],
            "index": "pypi",
            "version": "==4.2.0"
        },
        "sqlparse": {
            "hashes": [
                "sha256:0c00730c74263a94e5a9919ade150dfc3b19c574389985446148402998287dae",
                "sha256:48719e356bb8b42991bdbb1e8b83223757b93789c00910a616a071910ca4a64d"
            ],
            "markers": "python_version >= '3.5'",
            "version": "==0.4.2"
        }
    },
    "develop": {}
}
